
Microsoft Visual Studio Solution File, Format Version 12.00
Project("{FAE04EC0-301F-11D3-BF4B-00C04F79EFBC}") = "Src\CurrencyApi.Presentation\CurrencyApi.Presentation", "Src\CurrencyApi.Presentation\CurrencyApi.Presentation.csproj", "{78F99E34-E6C8-4429-BCDB-4CB2FD888A42}"
EndProject
Project("{FAE04EC0-301F-11D3-BF4B-00C04F79EFBC}") = "CurrencyApi.Infrastructure", "Src\CurrencyApi.Infrastructure\CurrencyApi.Infrastructure.csproj", "{23B172EF-BEB0-4E76-8397-D54D0ADDAC55}"
EndProject
Project("{FAE04EC0-301F-11D3-BF4B-00C04F79EFBC}") = "CurrencyApi.Domain", "Src\CurrencyApi.Domain\CurrencyApi.Domain.csproj", "{F3CAD75E-8FD7-48AA-A985-83DA8C0438E6}"
EndProject
Project("{FAE04EC0-301F-11D3-BF4B-00C04F79EFBC}") = "CurrencyApi.Application", "Src\CurrencyApi.Application\CurrencyApi.Application.csproj", "{56858B5D-F54E-477C-962E-FE525A9E6B2C}"
EndProject
Project("{FAE04EC0-301F-11D3-BF4B-00C04F79EFBC}") = "Src\CurrencyApi.Migrations\CurrencyApi.Migrations.SqlServer", "Src\CurrencyApi.Migrations\CurrencyApi.Migrations.SqlServer\CurrencyApi.Migrations.SqlServer.csproj", "{1AB0EB1E-11E0-45DE-A595-78B3B4A1567A}"
EndProject
Project("{FAE04EC0-301F-11D3-BF4B-00C04F79EFBC}") = "Src\CurrencyApi.Migrations\CurrencyApi.Migrations.MySql", "Src\CurrencyApi.Migrations\CurrencyApi.Migrations.MySql\CurrencyApi.Migrations.MySql.csproj", "{1FB8A0CB-2193-4D2E-88CF-712FC2A4BD23}"
EndProject
Project("{FAE04EC0-301F-11D3-BF4B-00C04F79EFBC}") = "Src\CurrencyApi.Migrations\CurrencyApi.Migrations.PostgreSql", "Src\CurrencyApi.Migrations\CurrencyApi.Migrations.PostgreSql\CurrencyApi.Migrations.PostgreSql.csproj", "{F9C0EEC2-E8AB-46FC-8C96-FD7A59CA484A}"
EndProject
Project("{2150E333-8FDC-42A3-9474-1A3956D46DE8}") = "CurrencyApi.Migrations", "CurrencyApi.Migrations", "{CF4E38DE-AE19-4581-A77C-CD2C0C9B3A5A}"
EndProject
Global
	GlobalSection(SolutionConfigurationPlatforms) = preSolution
		Debug|Any CPU = Debug|Any CPU
		Release|Any CPU = Release|Any CPU
	EndGlobalSection
	GlobalSection(ProjectConfigurationPlatforms) = postSolution
		{8DFD9E97-C95B-4652-8FA5-539F91B6E4C6}.Debug|Any CPU.ActiveCfg = Debug|Any CPU
		{8DFD9E97-C95B-4652-8FA5-539F91B6E4C6}.Debug|Any CPU.Build.0 = Debug|Any CPU
		{8DFD9E97-C95B-4652-8FA5-539F91B6E4C6}.Release|Any CPU.ActiveCfg = Release|Any CPU
		{8DFD9E97-C95B-4652-8FA5-539F91B6E4C6}.Release|Any CPU.Build.0 = Release|Any CPU
		{78F99E34-E6C8-4429-BCDB-4CB2FD888A42}.Debug|Any CPU.ActiveCfg = Debug|Any CPU
		{78F99E34-E6C8-4429-BCDB-4CB2FD888A42}.Debug|Any CPU.Build.0 = Debug|Any CPU
		{78F99E34-E6C8-4429-BCDB-4CB2FD888A42}.Release|Any CPU.ActiveCfg = Release|Any CPU
		{78F99E34-E6C8-4429-BCDB-4CB2FD888A42}.Release|Any CPU.Build.0 = Release|Any CPU
		{23B172EF-BEB0-4E76-8397-D54D0ADDAC55}.Debug|Any CPU.ActiveCfg = Debug|Any CPU
		{23B172EF-BEB0-4E76-8397-D54D0ADDAC55}.Debug|Any CPU.Build.0 = Debug|Any CPU
		{23B172EF-BEB0-4E76-8397-D54D0ADDAC55}.Release|Any CPU.ActiveCfg = Release|Any CPU
		{23B172EF-BEB0-4E76-8397-D54D0ADDAC55}.Release|Any CPU.Build.0 = Release|Any CPU
		{F3CAD75E-8FD7-48AA-A985-83DA8C0438E6}.Debug|Any CPU.ActiveCfg = Debug|Any CPU
		{F3CAD75E-8FD7-48AA-A985-83DA8C0438E6}.Debug|Any CPU.Build.0 = Debug|Any CPU
		{F3CAD75E-8FD7-48AA-A985-83DA8C0438E6}.Release|Any CPU.ActiveCfg = Release|Any CPU
		{F3CAD75E-8FD7-48AA-A985-83DA8C0438E6}.Release|Any CPU.Build.0 = Release|Any CPU
		{56858B5D-F54E-477C-962E-FE525A9E6B2C}.Debug|Any CPU.ActiveCfg = Debug|Any CPU
		{56858B5D-F54E-477C-962E-FE525A9E6B2C}.Debug|Any CPU.Build.0 = Debug|Any CPU
		{56858B5D-F54E-477C-962E-FE525A9E6B2C}.Release|Any CPU.ActiveCfg = Release|Any CPU
		{56858B5D-F54E-477C-962E-FE525A9E6B2C}.Release|Any CPU.Build.0 = Release|Any CPU
		{1AB0EB1E-11E0-45DE-A595-78B3B4A1567A}.Debug|Any CPU.ActiveCfg = Debug|Any CPU
		{1AB0EB1E-11E0-45DE-A595-78B3B4A1567A}.Debug|Any CPU.Build.0 = Debug|Any CPU
		{1AB0EB1E-11E0-45DE-A595-78B3B4A1567A}.Release|Any CPU.ActiveCfg = Release|Any CPU
		{1AB0EB1E-11E0-45DE-A595-78B3B4A1567A}.Release|Any CPU.Build.0 = Release|Any CPU
		{1FB8A0CB-2193-4D2E-88CF-712FC2A4BD23}.Debug|Any CPU.ActiveCfg = Debug|Any CPU
		{1FB8A0CB-2193-4D2E-88CF-712FC2A4BD23}.Debug|Any CPU.Build.0 = Debug|Any CPU
		{1FB8A0CB-2193-4D2E-88CF-712FC2A4BD23}.Release|Any CPU.ActiveCfg = Release|Any CPU
		{1FB8A0CB-2193-4D2E-88CF-712FC2A4BD23}.Release|Any CPU.Build.0 = Release|Any CPU
		{F9C0EEC2-E8AB-46FC-8C96-FD7A59CA484A}.Debug|Any CPU.ActiveCfg = Debug|Any CPU
		{F9C0EEC2-E8AB-46FC-8C96-FD7A59CA484A}.Debug|Any CPU.Build.0 = Debug|Any CPU
		{F9C0EEC2-E8AB-46FC-8C96-FD7A59CA484A}.Release|Any CPU.ActiveCfg = Release|Any CPU
		{F9C0EEC2-E8AB-46FC-8C96-FD7A59CA484A}.Release|Any CPU.Build.0 = Release|Any CPU
	EndGlobalSection
	GlobalSection(NestedProjects) = preSolution
		{1FB8A0CB-2193-4D2E-88CF-712FC2A4BD23} = {CF4E38DE-AE19-4581-A77C-CD2C0C9B3A5A}
		{F9C0EEC2-E8AB-46FC-8C96-FD7A59CA484A} = {CF4E38DE-AE19-4581-A77C-CD2C0C9B3A5A}
		{1AB0EB1E-11E0-45DE-A595-78B3B4A1567A} = {CF4E38DE-AE19-4581-A77C-CD2C0C9B3A5A}
	EndGlobalSection
EndGlobal
